
Microsoft Visual Studio Solution File, Format Version 12.00
# Visual Studio Version 17
VisualStudioVersion = 17.8.34004.107
MinimumVisualStudioVersion = 10.0.40219.1
Project("{9A19103F-16F7-4668-BE54-9A1E7A4F7556}") = "DeltaPolygon", "DeltaPolygon\DeltaPolygon.csproj", "{FBBEFCE6-29AA-476D-8695-F929AB22BCE7}"
EndProject
Global
	GlobalSection(SolutionConfigurationPlatforms) = preSolution
		Debug|Any CPU = Debug|Any CPU
		Release|Any CPU = Release|Any CPU
	EndGlobalSection
	GlobalSection(ProjectConfigurationPlatforms) = postSolution
		{FBBEFCE6-29AA-476D-8695-F929AB22BCE7}.Debug|Any CPU.ActiveCfg = Debug|Any CPU
		{FBBEFCE6-29AA-476D-8695-F929AB22BCE7}.Debug|Any CPU.Build.0 = Debug|Any CPU
		{FBBEFCE6-29AA-476D-8695-F929AB22BCE7}.Release|Any CPU.ActiveCfg = Release|Any CPU
		{FBBEFCE6-29AA-476D-8695-F929AB22BCE7}.Release|Any CPU.Build.0 = Release|Any CPU
		{7C0CEB02-BEC7-4FB1-94D0-CBF7E92E8883}.Debug|Any CPU.ActiveCfg = Debug|Any CPU
		{7C0CEB02-BEC7-4FB1-94D0-CBF7E92E8883}.Debug|Any CPU.Build.0 = Debug|Any CPU
		{7C0CEB02-BEC7-4FB1-94D0-CBF7E92E8883}.Release|Any CPU.ActiveCfg = Release|Any CPU
		{7C0CEB02-BEC7-4FB1-94D0-CBF7E92E8883}.Release|Any CPU.Build.0 = Release|Any CPU
		{67FED2CD-CC75-4545-A755-2B03991FBF9D}.Debug|Any CPU.ActiveCfg = Debug|Any CPU
		{67FED2CD-CC75-4545-A755-2B03991FBF9D}.Debug|Any CPU.Build.0 = Debug|Any CPU
		{67FED2CD-CC75-4545-A755-2B03991FBF9D}.Release|Any CPU.ActiveCfg = Release|Any CPU
		{67FED2CD-CC75-4545-A755-2B03991FBF9D}.Release|Any CPU.Build.0 = Release|Any CPU
	EndGlobalSection
	GlobalSection(SolutionProperties) = preSolution
		HideSolutionNode = FALSE
	EndGlobalSection
	GlobalSection(ExtensibilityGlobals) = postSolution
		SolutionGuid = {628F3171-D07F-4671-A130-19EB52930A41}
	EndGlobalSection
EndGlobal
